
Microsoft Visual Studio Solution File, Format Version 12.00
# Visual Studio Version 16
VisualStudioVersion = 16.0.31729.503
MinimumVisualStudioVersion = 10.0.40219.1
Project("{9A19103F-16F7-4668-BE54-9A1E7A4F7556}") = "CinemaApp.UI", "CinemaApp.UI\CinemaApp.UI.csproj", "{1E8CFF38-7E51-4E63-A363-625FC90430BA}"
EndProject
Project("{9A19103F-16F7-4668-BE54-9A1E7A4F7556}") = "CinemaApp.Entity", "CinemaApp.Entity\CinemaApp.Entity.csproj", "{86A986D1-D677-4901-A8DD-2772F617314A}"
EndProject
Project("{9A19103F-16F7-4668-BE54-9A1E7A4F7556}") = "CinemaApp.Core", "CinemaApp.Core\CinemaApp.Core.csproj", "{2E85915D-927A-4023-A616-EFB9D29777FA}"
EndProject
Project("{9A19103F-16F7-4668-BE54-9A1E7A4F7556}") = "CinemaApp.DataAcces", "CinemaApp.DataAcces\CinemaApp.DataAcces.csproj", "{549B58F0-1BBE-48C6-AC9B-3F2A06ACA0ED}"
EndProject
Project("{FAE04EC0-301F-11D3-BF4B-00C04F79EFBC}") = "CinemaApp.Business", "CinemaApp.Business\CinemaApp.Business.csproj", "{86FDCFD2-A38C-4BBC-B24A-A05E20DBDE51}"
EndProject
Global
	GlobalSection(SolutionConfigurationPlatforms) = preSolution
		Debug|Any CPU = Debug|Any CPU
		Release|Any CPU = Release|Any CPU
	EndGlobalSection
	GlobalSection(ProjectConfigurationPlatforms) = postSolution
		{1E8CFF38-7E51-4E63-A363-625FC90430BA}.Debug|Any CPU.ActiveCfg = Debug|Any CPU
		{1E8CFF38-7E51-4E63-A363-625FC90430BA}.Debug|Any CPU.Build.0 = Debug|Any CPU
		{1E8CFF38-7E51-4E63-A363-625FC90430BA}.Release|Any CPU.ActiveCfg = Release|Any CPU
		{1E8CFF38-7E51-4E63-A363-625FC90430BA}.Release|Any CPU.Build.0 = Release|Any CPU
		{86A986D1-D677-4901-A8DD-2772F617314A}.Debug|Any CPU.ActiveCfg = Debug|Any CPU
		{86A986D1-D677-4901-A8DD-2772F617314A}.Debug|Any CPU.Build.0 = Debug|Any CPU
		{86A986D1-D677-4901-A8DD-2772F617314A}.Release|Any CPU.ActiveCfg = Release|Any CPU
		{86A986D1-D677-4901-A8DD-2772F617314A}.Release|Any CPU.Build.0 = Release|Any CPU
		{2E85915D-927A-4023-A616-EFB9D29777FA}.Debug|Any CPU.ActiveCfg = Debug|Any CPU
		{2E85915D-927A-4023-A616-EFB9D29777FA}.Debug|Any CPU.Build.0 = Debug|Any CPU
		{2E85915D-927A-4023-A616-EFB9D29777FA}.Release|Any CPU.ActiveCfg = Release|Any CPU
		{2E85915D-927A-4023-A616-EFB9D29777FA}.Release|Any CPU.Build.0 = Release|Any CPU
		{549B58F0-1BBE-48C6-AC9B-3F2A06ACA0ED}.Debug|Any CPU.ActiveCfg = Debug|Any CPU
		{549B58F0-1BBE-48C6-AC9B-3F2A06ACA0ED}.Debug|Any CPU.Build.0 = Debug|Any CPU
		{549B58F0-1BBE-48C6-AC9B-3F2A06ACA0ED}.Release|Any CPU.ActiveCfg = Release|Any CPU
		{549B58F0-1BBE-48C6-AC9B-3F2A06ACA0ED}.Release|Any CPU.Build.0 = Release|Any CPU
		{86FDCFD2-A38C-4BBC-B24A-A05E20DBDE51}.Debug|Any CPU.ActiveCfg = Debug|Any CPU
		{86FDCFD2-A38C-4BBC-B24A-A05E20DBDE51}.Debug|Any CPU.Build.0 = Debug|Any CPU
		{86FDCFD2-A38C-4BBC-B24A-A05E20DBDE51}.Release|Any CPU.ActiveCfg = Release|Any CPU
		{86FDCFD2-A38C-4BBC-B24A-A05E20DBDE51}.Release|Any CPU.Build.0 = Release|Any CPU
	EndGlobalSection
	GlobalSection(SolutionProperties) = preSolution
		HideSolutionNode = FALSE
	EndGlobalSection
	GlobalSection(ExtensibilityGlobals) = postSolution
		SolutionGuid = {E52F2045-8431-4647-B799-CA37D652C648}
	EndGlobalSection
EndGlobal
